{
  "name": "cbrpnkclock",
  "version": "1.0.0",
  "lockfileVersion": 3,
  "requires": true,
  "packages": {
    "": {
      "name": "cbrpnkclock",
      "version": "1.0.0",
      "license": "ISC",
      "dependencies": {
        "rpgclock2client": "git+ssh://git@gmtim_github:GMTim/RPGClock2Client.git"
      }
    },
    "node_modules/rpgclock2client": {
      "version": "0.1.1",
      "resolved": "git+ssh://git@gmtim_github:GMTim/RPGClock2Client.git#282fcb9b6c09a46f825f8b375de7b0fc269eff07",
      "license": "MIT",
      "bin": {
        "rpgclock2client-copy-read": "scripts/copy-read-files.js",
        "rpgclock2client-copy-readwrite": "scripts/copy-readwrite-files.js"
      }
    }
  }
}
